
Microsoft Visual Studio Solution File, Format Version 12.00
# Visual Studio Version 16
VisualStudioVersion = 16.0.30320.27
MinimumVisualStudioVersion = 10.0.40219.1
Project("{FAE04EC0-301F-11D3-BF4B-00C04F79EFBC}") = "Sample", "Sample\Sample.csproj", "{CE856137-1142-4C99-95BD-4319857E80ED}"
EndProject
Global
	GlobalSection(SolutionConfigurationPlatforms) = preSolution
		Debug|Any CPU = Debug|Any CPU
		Release|Any CPU = Release|Any CPU
	EndGlobalSection
	GlobalSection(ProjectConfigurationPlatforms) = postSolution
		{CE856137-1142-4C99-95BD-4319857E80ED}.Debug|Any CPU.ActiveCfg = Debug|Any CPU
		{CE856137-1142-4C99-95BD-4319857E80ED}.Debug|Any CPU.Build.0 = Debug|Any CPU
		{CE856137-1142-4C99-95BD-4319857E80ED}.Release|Any CPU.ActiveCfg = Release|Any CPU
		{CE856137-1142-4C99-95BD-4319857E80ED}.Release|Any CPU.Build.0 = Release|Any CPU
	EndGlobalSection
	GlobalSection(SolutionProperties) = preSolution
		HideSolutionNode = FALSE
	EndGlobalSection
	GlobalSection(ExtensibilityGlobals) = postSolution
		SolutionGuid = {45272521-88E1-4493-8A7E-2163286E4219}
	EndGlobalSection
EndGlobal
